# This file is autogenerated, do not edit; changes may be undone by the next 'dep ensure'.


[[projects]]
  digest = "1:145955b5ebbb000d0b0f7378db28249d60768664de8c9bc7f1b1b51f16d69774"
  name = "github.com/ant0ine/go-json-rest"
  packages = [
    "rest",
    "rest/trie",
  ]
  pruneopts = ""
  revision = "ce4b71cdf7ba29ef443d704bd923f5bbf281ee30"
  version = "v3.3.2"

[[projects]]
  digest = "1:a01080d20c45c031c13f3828c56e58f4f51d926a482ad10cc0316225097eb7ea"
  name = "github.com/go-stack/stack"
  packages = ["."]
  pruneopts = ""
  revision = "2fee6af1a9795aafbe0253a0cfbdf668e1fb8a9a"
  version = "v1.8.0"

[[projects]]
  branch = "master"
  digest = "1:6a6322a15aa8e99bd156fbba0aae4e5d67b4bb05251d860b348a45dfdcba9cce"
  name = "github.com/golang/snappy"
  packages = ["."]
  pruneopts = ""
  revision = "2a8bb927dd31d8daada140a5d09578521ce5c36a"

[[projects]]
  branch = "master"
  digest = "1:ad74f33a69bd6ab0bd7287003b7c1069b94cfb5213eb5597005fe2963d7dfca9"
  name = "github.com/xdg/scram"
  packages = ["."]
  pruneopts = ""
  revision = "7eeb5667e42c09cb51bf7b7c28aea8c56767da90"

[[projects]]
  branch = "master"
  digest = "1:62f6eb06f6f39d18fc961956116a50a0e52b89961ed8a83bbb950b4cfb09fe67"
  name = "github.com/xdg/stringprep"
  packages = ["."]
  pruneopts = ""
  revision = "73f8eece6fdcd902c185bf651de50f3828bed5ed"

[[projects]]
  digest = "1:5a7738096093da28b02967e9f29b380341c02baa4dc3104731a62be4290369b7"
  name = "go.mongodb.org/mongo-driver"
  packages = [
    "bson",
    "bson/bsoncodec",
    "bson/bsonrw",
    "bson/bsontype",
    "bson/primitive",
    "event",
    "internal",
    "mongo",
    "mongo/options",
    "mongo/readconcern",
    "mongo/readpref",
    "mongo/writeconcern",
    "tag",
    "version",
    "x/bsonx",
    "x/bsonx/bsoncore",
    "x/mongo/driver",
    "x/mongo/driver/auth",
    "x/mongo/driver/auth/internal/gssapi",
    "x/mongo/driver/session",
    "x/mongo/driver/topology",
    "x/mongo/driver/uuid",
    "x/network/address",
    "x/network/command",
    "x/network/compressor",
    "x/network/connection",
    "x/network/connstring",
    "x/network/description",
    "x/network/result",
    "x/network/wiremessage",
  ]
  pruneopts = ""
  revision = "0d1270edf53072da4da781b76d2e1db58831152f"
  version = "v1.0.4"

[[projects]]
  branch = "master"
  digest = "1:086760278d762dbb0e9a26e09b57f04c89178c86467d8d94fae47d64c222f328"
  name = "golang.org/x/crypto"
  packages = ["pbkdf2"]
  pruneopts = ""
  revision = "4def268fd1a49955bfb3dda92fe3db4f924f2285"

[[projects]]
  branch = "master"
  digest = "1:9f6efefb4e401a4f699a295d14518871368eb89403f2dd23ec11dfcd2c0836ba"
  name = "golang.org/x/sync"
  packages = ["semaphore"]
  pruneopts = ""
  revision = "112230192c580c3556b8cee6403af37a4fc5f28c"

[[projects]]
  digest = "1:740b51a55815493a8d0f2b1e0d0ae48fe48953bf7eaf3fcc4198823bf67768c0"
  name = "golang.org/x/text"
  packages = [
    "internal/gen",
    "internal/triegen",
    "internal/ucd",
    "transform",
    "unicode/cldr",
    "unicode/norm",
  ]
  pruneopts = ""
  revision = "342b2e1fbaa52c93f31447ad2c6abc048c63e475"
  version = "v0.3.2"

[solve-meta]
  analyzer-name = "dep"
  analyzer-version = 1
  input-imports = [
    "github.com/ant0ine/go-json-rest/rest",
    "go.mongodb.org/mongo-driver/mongo",
  ]
  solver-name = "gps-cdcl"
  solver-version = 1
